// !$*UTF8*$!
{
	archiveVersion = 1;
	classes = {
	};
	objectVersion = 52;
	objects = {

/* Begin PBXBuildFile section */
		BE99727325224FC200DC7630 /* Dictionary.swift in Sources */ = {isa = PBXBuildFile; fileRef = BE99727225224FC200DC7630 /* Dictionary.swift */; };
		BE99727E25225BB400DC7630 /* ErrorViewController.swift in Sources */ = {isa = PBXBuildFile; fileRef = BE99727D25225BB400DC7630 /* ErrorViewController.swift */; };
		BE99728325225BBF00DC7630 /* LoadingViewController.swift in Sources */ = {isa = PBXBuildFile; fileRef = BE99728225225BBF00DC7630 /* LoadingViewController.swift */; };
		BE99728825225E9D00DC7630 /* UIView.swift in Sources */ = {isa = PBXBuildFile; fileRef = BE99728725225E9D00DC7630 /* UIView.swift */; };
		E92B8F79251F9F93006CA616 /* AppDelegate.swift in Sources */ = {isa = PBXBuildFile; fileRef = E92B8F78251F9F93006CA616 /* AppDelegate.swift */; };
		E92B8F7B251F9F93006CA616 /* SceneDelegate.swift in Sources */ = {isa = PBXBuildFile; fileRef = E92B8F7A251F9F93006CA616 /* SceneDelegate.swift */; };
		E92B8F90251F9F96006CA616 /* QuotesTests.swift in Sources */ = {isa = PBXBuildFile; fileRef = E92B8F8F251F9F96006CA616 /* QuotesTests.swift */; };
		E92B8F9B251F9F96006CA616 /* QuotesUITests.swift in Sources */ = {isa = PBXBuildFile; fileRef = E92B8F9A251F9F96006CA616 /* QuotesUITests.swift */; };
		E9AC2DE72521256800EE6CDB /* LaunchScreen.storyboard in Resources */ = {isa = PBXBuildFile; fileRef = E9FA0B19252117EF00FF6481 /* LaunchScreen.storyboard */; };
		E9AC2DEF2521279400EE6CDB /* Network.swift in Sources */ = {isa = PBXBuildFile; fileRef = E9AC2DEE2521279400EE6CDB /* Network.swift */; };
		E9AC2DF4252127AB00EE6CDB /* Router.swift in Sources */ = {isa = PBXBuildFile; fileRef = E9AC2DF3252127AB00EE6CDB /* Router.swift */; };
		E9AC2E1B25212BFA00EE6CDB /* NetworkError.swift in Sources */ = {isa = PBXBuildFile; fileRef = E9AC2E1A25212BFA00EE6CDB /* NetworkError.swift */; };
		E9AC2E2025212C2000EE6CDB /* NetworkLayer.swift in Sources */ = {isa = PBXBuildFile; fileRef = E9AC2E1F25212C2000EE6CDB /* NetworkLayer.swift */; };
		E9AC2E4625220CF900EE6CDB /* Credentials.swift in Sources */ = {isa = PBXBuildFile; fileRef = E9AC2E4525220CF900EE6CDB /* Credentials.swift */; };
		E9FA0B1E252117EF00FF6481 /* Assets.xcassets in Resources */ = {isa = PBXBuildFile; fileRef = E9FA0B18252117EF00FF6481 /* Assets.xcassets */; };
		E9FA0B362521189D00FF6481 /* AppCoordinator.swift in Sources */ = {isa = PBXBuildFile; fileRef = E9FA0B352521189D00FF6481 /* AppCoordinator.swift */; };
		E9FA0B3D2521193300FF6481 /* QuotesViewController.swift in Sources */ = {isa = PBXBuildFile; fileRef = E9FA0B3C2521193300FF6481 /* QuotesViewController.swift */; };
		E9FA0B452521194300FF6481 /* ProfileViewController.swift in Sources */ = {isa = PBXBuildFile; fileRef = E9FA0B442521194300FF6481 /* ProfileViewController.swift */; };
		E9FA0B4A2521195200FF6481 /* QuotesViewController.storyboard in Resources */ = {isa = PBXBuildFile; fileRef = E9FA0B492521195200FF6481 /* QuotesViewController.storyboard */; };
		E9FA0B4F2521195C00FF6481 /* ProfileViewController.storyboard in Resources */ = {isa = PBXBuildFile; fileRef = E9FA0B4E2521195C00FF6481 /* ProfileViewController.storyboard */; };
		E9FA0B5B25211C5D00FF6481 /* RxCocoa in Frameworks */ = {isa = PBXBuildFile; productRef = E9FA0B5A25211C5D00FF6481 /* RxCocoa */; };
		E9FA0B5D25211C5D00FF6481 /* RxSwift in Frameworks */ = {isa = PBXBuildFile; productRef = E9FA0B5C25211C5D00FF6481 /* RxSwift */; };
		E9FA0B6325211CB500FF6481 /* RealmSwift in Frameworks */ = {isa = PBXBuildFile; productRef = E9FA0B6225211CB500FF6481 /* RealmSwift */; };
		E9FA0B6525211CB500FF6481 /* Realm in Frameworks */ = {isa = PBXBuildFile; productRef = E9FA0B6425211CB500FF6481 /* Realm */; };
		E9FA0B7125211D9E00FF6481 /* Reusable in Frameworks */ = {isa = PBXBuildFile; productRef = E9FA0B7025211D9E00FF6481 /* Reusable */; };
/* End PBXBuildFile section */

/* Begin PBXContainerItemProxy section */
		E92B8F8C251F9F96006CA616 /* PBXContainerItemProxy */ = {
			isa = PBXContainerItemProxy;
			containerPortal = E92B8F6D251F9F92006CA616 /* Project object */;
			proxyType = 1;
			remoteGlobalIDString = E92B8F74251F9F92006CA616;
			remoteInfo = Quotes;
		};
		E92B8F97251F9F96006CA616 /* PBXContainerItemProxy */ = {
			isa = PBXContainerItemProxy;
			containerPortal = E92B8F6D251F9F92006CA616 /* Project object */;
			proxyType = 1;
			remoteGlobalIDString = E92B8F74251F9F92006CA616;
			remoteInfo = Quotes;
		};
/* End PBXContainerItemProxy section */

/* Begin PBXFileReference section */
		BE99727225224FC200DC7630 /* Dictionary.swift */ = {isa = PBXFileReference; lastKnownFileType = sourcecode.swift; path = Dictionary.swift; sourceTree = "<group>"; };
		BE99727D25225BB400DC7630 /* ErrorViewController.swift */ = {isa = PBXFileReference; lastKnownFileType = sourcecode.swift; path = ErrorViewController.swift; sourceTree = "<group>"; };
		BE99728225225BBF00DC7630 /* LoadingViewController.swift */ = {isa = PBXFileReference; lastKnownFileType = sourcecode.swift; path = LoadingViewController.swift; sourceTree = "<group>"; };
		BE99728725225E9D00DC7630 /* UIView.swift */ = {isa = PBXFileReference; lastKnownFileType = sourcecode.swift; path = UIView.swift; sourceTree = "<group>"; };
		E92B8F75251F9F92006CA616 /* Quotes.app */ = {isa = PBXFileReference; explicitFileType = wrapper.application; includeInIndex = 0; path = Quotes.app; sourceTree = BUILT_PRODUCTS_DIR; };
		E92B8F78251F9F93006CA616 /* AppDelegate.swift */ = {isa = PBXFileReference; lastKnownFileType = sourcecode.swift; path = AppDelegate.swift; sourceTree = "<group>"; };
		E92B8F7A251F9F93006CA616 /* SceneDelegate.swift */ = {isa = PBXFileReference; lastKnownFileType = sourcecode.swift; path = SceneDelegate.swift; sourceTree = "<group>"; };
		E92B8F8B251F9F96006CA616 /* QuotesTests.xctest */ = {isa = PBXFileReference; explicitFileType = wrapper.cfbundle; includeInIndex = 0; path = QuotesTests.xctest; sourceTree = BUILT_PRODUCTS_DIR; };
		E92B8F8F251F9F96006CA616 /* QuotesTests.swift */ = {isa = PBXFileReference; lastKnownFileType = sourcecode.swift; path = QuotesTests.swift; sourceTree = "<group>"; };
		E92B8F91251F9F96006CA616 /* Info.plist */ = {isa = PBXFileReference; lastKnownFileType = text.plist.xml; path = Info.plist; sourceTree = "<group>"; };
		E92B8F96251F9F96006CA616 /* QuotesUITests.xctest */ = {isa = PBXFileReference; explicitFileType = wrapper.cfbundle; includeInIndex = 0; path = QuotesUITests.xctest; sourceTree = BUILT_PRODUCTS_DIR; };
		E92B8F9A251F9F96006CA616 /* QuotesUITests.swift */ = {isa = PBXFileReference; lastKnownFileType = sourcecode.swift; path = QuotesUITests.swift; sourceTree = "<group>"; };
		E92B8F9C251F9F96006CA616 /* Info.plist */ = {isa = PBXFileReference; lastKnownFileType = text.plist.xml; path = Info.plist; sourceTree = "<group>"; };
		E9AC2DEE2521279400EE6CDB /* Network.swift */ = {isa = PBXFileReference; lastKnownFileType = sourcecode.swift; path = Network.swift; sourceTree = "<group>"; };
		E9AC2DF3252127AB00EE6CDB /* Router.swift */ = {isa = PBXFileReference; lastKnownFileType = sourcecode.swift; path = Router.swift; sourceTree = "<group>"; };
		E9AC2E1A25212BFA00EE6CDB /* NetworkError.swift */ = {isa = PBXFileReference; lastKnownFileType = sourcecode.swift; path = NetworkError.swift; sourceTree = "<group>"; };
		E9AC2E1F25212C2000EE6CDB /* NetworkLayer.swift */ = {isa = PBXFileReference; lastKnownFileType = sourcecode.swift; path = NetworkLayer.swift; sourceTree = "<group>"; };
		E9AC2E4525220CF900EE6CDB /* Credentials.swift */ = {isa = PBXFileReference; lastKnownFileType = sourcecode.swift; path = Credentials.swift; sourceTree = "<group>"; };
		E9FA0B18252117EF00FF6481 /* Assets.xcassets */ = {isa = PBXFileReference; lastKnownFileType = folder.assetcatalog; path = Assets.xcassets; sourceTree = "<group>"; };
		E9FA0B1A252117EF00FF6481 /* Base */ = {isa = PBXFileReference; lastKnownFileType = file.storyboard; name = Base; path = Base.lproj/LaunchScreen.storyboard; sourceTree = "<group>"; };
		E9FA0B1D252117EF00FF6481 /* Info.plist */ = {isa = PBXFileReference; fileEncoding = 4; lastKnownFileType = text.plist.xml; path = Info.plist; sourceTree = "<group>"; };
		E9FA0B352521189D00FF6481 /* AppCoordinator.swift */ = {isa = PBXFileReference; lastKnownFileType = sourcecode.swift; path = AppCoordinator.swift; sourceTree = "<group>"; };
		E9FA0B3C2521193300FF6481 /* QuotesViewController.swift */ = {isa = PBXFileReference; lastKnownFileType = sourcecode.swift; path = QuotesViewController.swift; sourceTree = "<group>"; };
		E9FA0B442521194300FF6481 /* ProfileViewController.swift */ = {isa = PBXFileReference; lastKnownFileType = sourcecode.swift; path = ProfileViewController.swift; sourceTree = "<group>"; };
		E9FA0B492521195200FF6481 /* QuotesViewController.storyboard */ = {isa = PBXFileReference; lastKnownFileType = file.storyboard; path = QuotesViewController.storyboard; sourceTree = "<group>"; };
		E9FA0B4E2521195C00FF6481 /* ProfileViewController.storyboard */ = {isa = PBXFileReference; lastKnownFileType = file.storyboard; path = ProfileViewController.storyboard; sourceTree = "<group>"; };
/* End PBXFileReference section */

/* Begin PBXFrameworksBuildPhase section */
		E92B8F72251F9F92006CA616 /* Frameworks */ = {
			isa = PBXFrameworksBuildPhase;
			buildActionMask = 2147483647;
			files = (
				E9FA0B6325211CB500FF6481 /* RealmSwift in Frameworks */,
				E9FA0B5D25211C5D00FF6481 /* RxSwift in Frameworks */,
				E9FA0B5B25211C5D00FF6481 /* RxCocoa in Frameworks */,
				E9FA0B6525211CB500FF6481 /* Realm in Frameworks */,
				E9FA0B7125211D9E00FF6481 /* Reusable in Frameworks */,
			);
			runOnlyForDeploymentPostprocessing = 0;
		};
		E92B8F88251F9F96006CA616 /* Frameworks */ = {
			isa = PBXFrameworksBuildPhase;
			buildActionMask = 2147483647;
			files = (
			);
			runOnlyForDeploymentPostprocessing = 0;
		};
		E92B8F93251F9F96006CA616 /* Frameworks */ = {
			isa = PBXFrameworksBuildPhase;
			buildActionMask = 2147483647;
			files = (
			);
			runOnlyForDeploymentPostprocessing = 0;
		};
/* End PBXFrameworksBuildPhase section */

/* Begin PBXGroup section */
		BE99727C25225B8900DC7630 /* Generics */ = {
			isa = PBXGroup;
			children = (
				BE99727D25225BB400DC7630 /* ErrorViewController.swift */,
				BE99728225225BBF00DC7630 /* LoadingViewController.swift */,
			);
			path = Generics;
			sourceTree = "<group>";
		};
		E92B8F6C251F9F92006CA616 = {
			isa = PBXGroup;
			children = (
				E92B8F77251F9F92006CA616 /* Quotes */,
				E92B8F8E251F9F96006CA616 /* QuotesTests */,
				E92B8F99251F9F96006CA616 /* QuotesUITests */,
				E92B8F76251F9F92006CA616 /* Products */,
			);
			sourceTree = "<group>";
		};
		E92B8F76251F9F92006CA616 /* Products */ = {
			isa = PBXGroup;
			children = (
				E92B8F75251F9F92006CA616 /* Quotes.app */,
				E92B8F8B251F9F96006CA616 /* QuotesTests.xctest */,
				E92B8F96251F9F96006CA616 /* QuotesUITests.xctest */,
			);
			name = Products;
			sourceTree = "<group>";
		};
		E92B8F77251F9F92006CA616 /* Quotes */ = {
			isa = PBXGroup;
			children = (
				E92B8F78251F9F93006CA616 /* AppDelegate.swift */,
				E92B8F7A251F9F93006CA616 /* SceneDelegate.swift */,
				E9FA0B2F2521185300FF6481 /* Application */,
				E9FA0B302521185300FF6481 /* Constants */,
				E9FA0B2C2521185300FF6481 /* Extensions */,
				E9FA0B312521185300FF6481 /* Models */,
				E9FA0B2D2521185300FF6481 /* Network */,
				E9FA0B2E2521185300FF6481 /* Protocols */,
				E9FA0B2B2521185300FF6481 /* Utils */,
				E9FA0B17252117EF00FF6481 /* Resources */,
			);
			path = Quotes;
			sourceTree = "<group>";
		};
		E92B8F8E251F9F96006CA616 /* QuotesTests */ = {
			isa = PBXGroup;
			children = (
				E92B8F8F251F9F96006CA616 /* QuotesTests.swift */,
				E92B8F91251F9F96006CA616 /* Info.plist */,
			);
			path = QuotesTests;
			sourceTree = "<group>";
		};
		E92B8F99251F9F96006CA616 /* QuotesUITests */ = {
			isa = PBXGroup;
			children = (
				E92B8F9A251F9F96006CA616 /* QuotesUITests.swift */,
				E92B8F9C251F9F96006CA616 /* Info.plist */,
			);
			path = QuotesUITests;
			sourceTree = "<group>";
		};
		E9FA0B17252117EF00FF6481 /* Resources */ = {
			isa = PBXGroup;
			children = (
				E9FA0B18252117EF00FF6481 /* Assets.xcassets */,
				E9FA0B19252117EF00FF6481 /* LaunchScreen.storyboard */,
				E9FA0B1D252117EF00FF6481 /* Info.plist */,
			);
			path = Resources;
			sourceTree = "<group>";
		};
		E9FA0B2B2521185300FF6481 /* Utils */ = {
			isa = PBXGroup;
			children = (
			);
			path = Utils;
			sourceTree = "<group>";
		};
		E9FA0B2C2521185300FF6481 /* Extensions */ = {
			isa = PBXGroup;
			children = (
				BE99727225224FC200DC7630 /* Dictionary.swift */,
				BE99728725225E9D00DC7630 /* UIView.swift */,
			);
			path = Extensions;
			sourceTree = "<group>";
		};
		E9FA0B2D2521185300FF6481 /* Network */ = {
			isa = PBXGroup;
			children = (
				E9AC2DEE2521279400EE6CDB /* Network.swift */,
				E9AC2DF3252127AB00EE6CDB /* Router.swift */,
				E9AC2E1F25212C2000EE6CDB /* NetworkLayer.swift */,
				E9AC2E1A25212BFA00EE6CDB /* NetworkError.swift */,
			);
			path = Network;
			sourceTree = "<group>";
		};
		E9FA0B2E2521185300FF6481 /* Protocols */ = {
			isa = PBXGroup;
			children = (
			);
			path = Protocols;
			sourceTree = "<group>";
		};
		E9FA0B2F2521185300FF6481 /* Application */ = {
			isa = PBXGroup;
			children = (
				E9FA0B352521189D00FF6481 /* AppCoordinator.swift */,
				E9FA0B3A252118A300FF6481 /* Quotes */,
				E9FA0B3B252118AC00FF6481 /* Profile */,
				BE99727C25225B8900DC7630 /* Generics */,
			);
			path = Application;
			sourceTree = "<group>";
		};
		E9FA0B302521185300FF6481 /* Constants */ = {
			isa = PBXGroup;
			children = (
			);
			path = Constants;
			sourceTree = "<group>";
		};
		E9FA0B312521185300FF6481 /* Models */ = {
			isa = PBXGroup;
			children = (
				E9AC2E4525220CF900EE6CDB /* Credentials.swift */,
			);
			path = Models;
			sourceTree = "<group>";
		};
		E9FA0B3A252118A300FF6481 /* Quotes */ = {
			isa = PBXGroup;
			children = (
				E9FA0B3C2521193300FF6481 /* QuotesViewController.swift */,
				E9FA0B492521195200FF6481 /* QuotesViewController.storyboard */,
			);
			path = Quotes;
			sourceTree = "<group>";
		};
		E9FA0B3B252118AC00FF6481 /* Profile */ = {
			isa = PBXGroup;
			children = (
				E9FA0B442521194300FF6481 /* ProfileViewController.swift */,
				E9FA0B4E2521195C00FF6481 /* ProfileViewController.storyboard */,
			);
			path = Profile;
			sourceTree = "<group>";
		};
/* End PBXGroup section */

/* Begin PBXNativeTarget section */
		E92B8F74251F9F92006CA616 /* Quotes */ = {
			isa = PBXNativeTarget;
			buildConfigurationList = E92B8F9F251F9F96006CA616 /* Build configuration list for PBXNativeTarget "Quotes" */;
			buildPhases = (
				E92B8F71251F9F92006CA616 /* Sources */,
				E92B8F72251F9F92006CA616 /* Frameworks */,
				E92B8F73251F9F92006CA616 /* Resources */,
			);
			buildRules = (
			);
			dependencies = (
			);
			name = Quotes;
			packageProductDependencies = (
				E9FA0B5A25211C5D00FF6481 /* RxCocoa */,
				E9FA0B5C25211C5D00FF6481 /* RxSwift */,
				E9FA0B6225211CB500FF6481 /* RealmSwift */,
				E9FA0B6425211CB500FF6481 /* Realm */,
				E9FA0B7025211D9E00FF6481 /* Reusable */,
			);
			productName = Quotes;
			productReference = E92B8F75251F9F92006CA616 /* Quotes.app */;
			productType = "com.apple.product-type.application";
		};
		E92B8F8A251F9F96006CA616 /* QuotesTests */ = {
			isa = PBXNativeTarget;
			buildConfigurationList = E92B8FA2251F9F96006CA616 /* Build configuration list for PBXNativeTarget "QuotesTests" */;
			buildPhases = (
				E92B8F87251F9F96006CA616 /* Sources */,
				E92B8F88251F9F96006CA616 /* Frameworks */,
				E92B8F89251F9F96006CA616 /* Resources */,
			);
			buildRules = (
			);
			dependencies = (
				E92B8F8D251F9F96006CA616 /* PBXTargetDependency */,
			);
			name = QuotesTests;
			productName = QuotesTests;
			productReference = E92B8F8B251F9F96006CA616 /* QuotesTests.xctest */;
			productType = "com.apple.product-type.bundle.unit-test";
		};
		E92B8F95251F9F96006CA616 /* QuotesUITests */ = {
			isa = PBXNativeTarget;
			buildConfigurationList = E92B8FA5251F9F96006CA616 /* Build configuration list for PBXNativeTarget "QuotesUITests" */;
			buildPhases = (
				E92B8F92251F9F96006CA616 /* Sources */,
				E92B8F93251F9F96006CA616 /* Frameworks */,
				E92B8F94251F9F96006CA616 /* Resources */,
			);
			buildRules = (
			);
			dependencies = (
				E92B8F98251F9F96006CA616 /* PBXTargetDependency */,
			);
			name = QuotesUITests;
			productName = QuotesUITests;
			productReference = E92B8F96251F9F96006CA616 /* QuotesUITests.xctest */;
			productType = "com.apple.product-type.bundle.ui-testing";
		};
/* End PBXNativeTarget section */

/* Begin PBXProject section */
		E92B8F6D251F9F92006CA616 /* Project object */ = {
			isa = PBXProject;
			attributes = {
				LastSwiftUpdateCheck = 1200;
				LastUpgradeCheck = 1200;
				TargetAttributes = {
					E92B8F74251F9F92006CA616 = {
						CreatedOnToolsVersion = 12.0;
					};
					E92B8F8A251F9F96006CA616 = {
						CreatedOnToolsVersion = 12.0;
						TestTargetID = E92B8F74251F9F92006CA616;
					};
					E92B8F95251F9F96006CA616 = {
						CreatedOnToolsVersion = 12.0;
						TestTargetID = E92B8F74251F9F92006CA616;
					};
				};
			};
			buildConfigurationList = E92B8F70251F9F92006CA616 /* Build configuration list for PBXProject "Quotes" */;
			compatibilityVersion = "Xcode 9.3";
			developmentRegion = en;
			hasScannedForEncodings = 0;
			knownRegions = (
				en,
				Base,
			);
			mainGroup = E92B8F6C251F9F92006CA616;
			packageReferences = (
				E9FA0B5925211C5D00FF6481 /* XCRemoteSwiftPackageReference "RxSwift" */,
				E9FA0B6125211CB500FF6481 /* XCRemoteSwiftPackageReference "realm-cocoa" */,
				E9FA0B6F25211D9E00FF6481 /* XCRemoteSwiftPackageReference "Reusable" */,
			);
			productRefGroup = E92B8F76251F9F92006CA616 /* Products */;
			projectDirPath = "";
			projectRoot = "";
			targets = (
				E92B8F74251F9F92006CA616 /* Quotes */,
				E92B8F8A251F9F96006CA616 /* QuotesTests */,
				E92B8F95251F9F96006CA616 /* QuotesUITests */,
			);
		};
/* End PBXProject section */

/* Begin PBXResourcesBuildPhase section */
		E92B8F73251F9F92006CA616 /* Resources */ = {
			isa = PBXResourcesBuildPhase;
			buildActionMask = 2147483647;
			files = (
				E9AC2DE72521256800EE6CDB /* LaunchScreen.storyboard in Resources */,
				E9FA0B1E252117EF00FF6481 /* Assets.xcassets in Resources */,
				E9FA0B4A2521195200FF6481 /* QuotesViewController.storyboard in Resources */,
				E9FA0B4F2521195C00FF6481 /* ProfileViewController.storyboard in Resources */,
			);
			runOnlyForDeploymentPostprocessing = 0;
		};
		E92B8F89251F9F96006CA616 /* Resources */ = {
			isa = PBXResourcesBuildPhase;
			buildActionMask = 2147483647;
			files = (
			);
			runOnlyForDeploymentPostprocessing = 0;
		};
		E92B8F94251F9F96006CA616 /* Resources */ = {
			isa = PBXResourcesBuildPhase;
			buildActionMask = 2147483647;
			files = (
			);
			runOnlyForDeploymentPostprocessing = 0;
		};
/* End PBXResourcesBuildPhase section */

/* Begin PBXSourcesBuildPhase section */
		E92B8F71251F9F92006CA616 /* Sources */ = {
			isa = PBXSourcesBuildPhase;
			buildActionMask = 2147483647;
			files = (
				E9AC2E2025212C2000EE6CDB /* NetworkLayer.swift in Sources */,
				BE99727E25225BB400DC7630 /* ErrorViewController.swift in Sources */,
				E9FA0B362521189D00FF6481 /* AppCoordinator.swift in Sources */,
				E9AC2E1B25212BFA00EE6CDB /* NetworkError.swift in Sources */,
				E9AC2DF4252127AB00EE6CDB /* Router.swift in Sources */,
				BE99727325224FC200DC7630 /* Dictionary.swift in Sources */,
				E9AC2DEF2521279400EE6CDB /* Network.swift in Sources */,
				E9FA0B3D2521193300FF6481 /* QuotesViewController.swift in Sources */,
				E9FA0B452521194300FF6481 /* ProfileViewController.swift in Sources */,
				E92B8F79251F9F93006CA616 /* AppDelegate.swift in Sources */,
				BE99728825225E9D00DC7630 /* UIView.swift in Sources */,
				E9AC2E4625220CF900EE6CDB /* Credentials.swift in Sources */,
				BE99728325225BBF00DC7630 /* LoadingViewController.swift in Sources */,
				E92B8F7B251F9F93006CA616 /* SceneDelegate.swift in Sources */,
			);
			runOnlyForDeploymentPostprocessing = 0;
		};
		E92B8F87251F9F96006CA616 /* Sources */ = {
			isa = PBXSourcesBuildPhase;
			buildActionMask = 2147483647;
			files = (
				E92B8F90251F9F96006CA616 /* QuotesTests.swift in Sources */,
			);
			runOnlyForDeploymentPostprocessing = 0;
		};
		E92B8F92251F9F96006CA616 /* Sources */ = {
			isa = PBXSourcesBuildPhase;
			buildActionMask = 2147483647;
			files = (
				E92B8F9B251F9F96006CA616 /* QuotesUITests.swift in Sources */,
			);
			runOnlyForDeploymentPostprocessing = 0;
		};
/* End PBXSourcesBuildPhase section */

/* Begin PBXTargetDependency section */
		E92B8F8D251F9F96006CA616 /* PBXTargetDependency */ = {
			isa = PBXTargetDependency;
			target = E92B8F74251F9F92006CA616 /* Quotes */;
			targetProxy = E92B8F8C251F9F96006CA616 /* PBXContainerItemProxy */;
		};
		E92B8F98251F9F96006CA616 /* PBXTargetDependency */ = {
			isa = PBXTargetDependency;
			target = E92B8F74251F9F92006CA616 /* Quotes */;
			targetProxy = E92B8F97251F9F96006CA616 /* PBXContainerItemProxy */;
		};
/* End PBXTargetDependency section */

/* Begin PBXVariantGroup section */
		E9FA0B19252117EF00FF6481 /* LaunchScreen.storyboard */ = {
			isa = PBXVariantGroup;
			children = (
				E9FA0B1A252117EF00FF6481 /* Base */,
			);
			name = LaunchScreen.storyboard;
			sourceTree = "<group>";
		};
/* End PBXVariantGroup section */

/* Begin XCBuildConfiguration section */
		E92B8F9D251F9F96006CA616 /* Debug */ = {
			isa = XCBuildConfiguration;
			buildSettings = {
				ALWAYS_SEARCH_USER_PATHS = NO;
				CLANG_ANALYZER_NONNULL = YES;
				CLANG_ANALYZER_NUMBER_OBJECT_CONVERSION = YES_AGGRESSIVE;
				CLANG_CXX_LANGUAGE_STANDARD = "gnu++14";
				CLANG_CXX_LIBRARY = "libc++";
				CLANG_ENABLE_MODULES = YES;
				CLANG_ENABLE_OBJC_ARC = YES;
				CLANG_ENABLE_OBJC_WEAK = YES;
				CLANG_WARN_BLOCK_CAPTURE_AUTORELEASING = YES;
				CLANG_WARN_BOOL_CONVERSION = YES;
				CLANG_WARN_COMMA = YES;
				CLANG_WARN_CONSTANT_CONVERSION = YES;
				CLANG_WARN_DEPRECATED_OBJC_IMPLEMENTATIONS = YES;
				CLANG_WARN_DIRECT_OBJC_ISA_USAGE = YES_ERROR;
				CLANG_WARN_DOCUMENTATION_COMMENTS = YES;
				CLANG_WARN_EMPTY_BODY = YES;
				CLANG_WARN_ENUM_CONVERSION = YES;
				CLANG_WARN_INFINITE_RECURSION = YES;
				CLANG_WARN_INT_CONVERSION = YES;
				CLANG_WARN_NON_LITERAL_NULL_CONVERSION = YES;
				CLANG_WARN_OBJC_IMPLICIT_RETAIN_SELF = YES;
				CLANG_WARN_OBJC_LITERAL_CONVERSION = YES;
				CLANG_WARN_OBJC_ROOT_CLASS = YES_ERROR;
				CLANG_WARN_QUOTED_INCLUDE_IN_FRAMEWORK_HEADER = YES;
				CLANG_WARN_RANGE_LOOP_ANALYSIS = YES;
				CLANG_WARN_STRICT_PROTOTYPES = YES;
				CLANG_WARN_SUSPICIOUS_MOVE = YES;
				CLANG_WARN_UNGUARDED_AVAILABILITY = YES_AGGRESSIVE;
				CLANG_WARN_UNREACHABLE_CODE = YES;
				CLANG_WARN__DUPLICATE_METHOD_MATCH = YES;
				COPY_PHASE_STRIP = NO;
				DEBUG_INFORMATION_FORMAT = dwarf;
				ENABLE_STRICT_OBJC_MSGSEND = YES;
				ENABLE_TESTABILITY = YES;
				GCC_C_LANGUAGE_STANDARD = gnu11;
				GCC_DYNAMIC_NO_PIC = NO;
				GCC_NO_COMMON_BLOCKS = YES;
				GCC_OPTIMIZATION_LEVEL = 0;
				GCC_PREPROCESSOR_DEFINITIONS = (
					"DEBUG=1",
					"$(inherited)",
				);
				GCC_WARN_64_TO_32_BIT_CONVERSION = YES;
				GCC_WARN_ABOUT_RETURN_TYPE = YES_ERROR;
				GCC_WARN_UNDECLARED_SELECTOR = YES;
				GCC_WARN_UNINITIALIZED_AUTOS = YES_AGGRESSIVE;
				GCC_WARN_UNUSED_FUNCTION = YES;
				GCC_WARN_UNUSED_VARIABLE = YES;
				IPHONEOS_DEPLOYMENT_TARGET = 13.0;
				MTL_ENABLE_DEBUG_INFO = INCLUDE_SOURCE;
				MTL_FAST_MATH = YES;
				ONLY_ACTIVE_ARCH = YES;
				SDKROOT = iphoneos;
				SWIFT_ACTIVE_COMPILATION_CONDITIONS = DEBUG;
				SWIFT_OPTIMIZATION_LEVEL = "-Onone";
			};
			name = Debug;
		};
		E92B8F9E251F9F96006CA616 /* Release */ = {
			isa = XCBuildConfiguration;
			buildSettings = {
				ALWAYS_SEARCH_USER_PATHS = NO;
				CLANG_ANALYZER_NONNULL = YES;
				CLANG_ANALYZER_NUMBER_OBJECT_CONVERSION = YES_AGGRESSIVE;
				CLANG_CXX_LANGUAGE_STANDARD = "gnu++14";
				CLANG_CXX_LIBRARY = "libc++";
				CLANG_ENABLE_MODULES = YES;
				CLANG_ENABLE_OBJC_ARC = YES;
				CLANG_ENABLE_OBJC_WEAK = YES;
				CLANG_WARN_BLOCK_CAPTURE_AUTORELEASING = YES;
				CLANG_WARN_BOOL_CONVERSION = YES;
				CLANG_WARN_COMMA = YES;
				CLANG_WARN_CONSTANT_CONVERSION = YES;
				CLANG_WARN_DEPRECATED_OBJC_IMPLEMENTATIONS = YES;
				CLANG_WARN_DIRECT_OBJC_ISA_USAGE = YES_ERROR;
				CLANG_WARN_DOCUMENTATION_COMMENTS = YES;
				CLANG_WARN_EMPTY_BODY = YES;
				CLANG_WARN_ENUM_CONVERSION = YES;
				CLANG_WARN_INFINITE_RECURSION = YES;
				CLANG_WARN_INT_CONVERSION = YES;
				CLANG_WARN_NON_LITERAL_NULL_CONVERSION = YES;
				CLANG_WARN_OBJC_IMPLICIT_RETAIN_SELF = YES;
				CLANG_WARN_OBJC_LITERAL_CONVERSION = YES;
				CLANG_WARN_OBJC_ROOT_CLASS = YES_ERROR;
				CLANG_WARN_QUOTED_INCLUDE_IN_FRAMEWORK_HEADER = YES;
				CLANG_WARN_RANGE_LOOP_ANALYSIS = YES;
				CLANG_WARN_STRICT_PROTOTYPES = YES;
				CLANG_WARN_SUSPICIOUS_MOVE = YES;
				CLANG_WARN_UNGUARDED_AVAILABILITY = YES_AGGRESSIVE;
				CLANG_WARN_UNREACHABLE_CODE = YES;
				CLANG_WARN__DUPLICATE_METHOD_MATCH = YES;
				COPY_PHASE_STRIP = NO;
				DEBUG_INFORMATION_FORMAT = "dwarf-with-dsym";
				ENABLE_NS_ASSERTIONS = NO;
				ENABLE_STRICT_OBJC_MSGSEND = YES;
				GCC_C_LANGUAGE_STANDARD = gnu11;
				GCC_NO_COMMON_BLOCKS = YES;
				GCC_WARN_64_TO_32_BIT_CONVERSION = YES;
				GCC_WARN_ABOUT_RETURN_TYPE = YES_ERROR;
				GCC_WARN_UNDECLARED_SELECTOR = YES;
				GCC_WARN_UNINITIALIZED_AUTOS = YES_AGGRESSIVE;
				GCC_WARN_UNUSED_FUNCTION = YES;
				GCC_WARN_UNUSED_VARIABLE = YES;
				IPHONEOS_DEPLOYMENT_TARGET = 13.0;
				MTL_ENABLE_DEBUG_INFO = NO;
				MTL_FAST_MATH = YES;
				SDKROOT = iphoneos;
				SWIFT_COMPILATION_MODE = wholemodule;
				SWIFT_OPTIMIZATION_LEVEL = "-O";
				VALIDATE_PRODUCT = YES;
			};
			name = Release;
		};
		E92B8FA0251F9F96006CA616 /* Debug */ = {
			isa = XCBuildConfiguration;
			buildSettings = {
				ASSETCATALOG_COMPILER_APPICON_NAME = AppIcon;
				ASSETCATALOG_COMPILER_GLOBAL_ACCENT_COLOR_NAME = AccentColor;
				CODE_SIGN_STYLE = Automatic;
				DEVELOPMENT_TEAM = 3TUS34BN3H;
				INFOPLIST_FILE = "$(SRCROOT)/Quotes/Resources/Info.plist";
				LD_RUNPATH_SEARCH_PATHS = (
					"$(inherited)",
					"@executable_path/Frameworks",
				);
				PRODUCT_BUNDLE_IDENTIFIER = fr.ledrogo.Quotes;
				PRODUCT_NAME = "$(TARGET_NAME)";
				SWIFT_VERSION = 5.0;
				TARGETED_DEVICE_FAMILY = "1,2";
			};
			name = Debug;
		};
		E92B8FA1251F9F96006CA616 /* Release */ = {
			isa = XCBuildConfiguration;
			buildSettings = {
				ASSETCATALOG_COMPILER_APPICON_NAME = AppIcon;
				ASSETCATALOG_COMPILER_GLOBAL_ACCENT_COLOR_NAME = AccentColor;
				CODE_SIGN_STYLE = Automatic;
				DEVELOPMENT_TEAM = 3TUS34BN3H;
				INFOPLIST_FILE = "$(SRCROOT)/Quotes/Resources/Info.plist";
				LD_RUNPATH_SEARCH_PATHS = (
					"$(inherited)",
					"@executable_path/Frameworks",
				);
				PRODUCT_BUNDLE_IDENTIFIER = fr.ledrogo.Quotes;
				PRODUCT_NAME = "$(TARGET_NAME)";
				SWIFT_VERSION = 5.0;
				TARGETED_DEVICE_FAMILY = "1,2";
			};
			name = Release;
		};
		E92B8FA3251F9F96006CA616 /* Debug */ = {
			isa = XCBuildConfiguration;
			buildSettings = {
				ALWAYS_EMBED_SWIFT_STANDARD_LIBRARIES = YES;
				BUNDLE_LOADER = "$(TEST_HOST)";
				CODE_SIGN_STYLE = Automatic;
				DEVELOPMENT_TEAM = 3TUS34BN3H;
				INFOPLIST_FILE = QuotesTests/Info.plist;
				IPHONEOS_DEPLOYMENT_TARGET = 14.0;
				LD_RUNPATH_SEARCH_PATHS = (
					"$(inherited)",
					"@executable_path/Frameworks",
					"@loader_path/Frameworks",
				);
				PRODUCT_BUNDLE_IDENTIFIER = fr.ledrogo.QuotesTests;
				PRODUCT_NAME = "$(TARGET_NAME)";
				SWIFT_VERSION = 5.0;
				TARGETED_DEVICE_FAMILY = "1,2";
				TEST_HOST = "$(BUILT_PRODUCTS_DIR)/Quotes.app/Quotes";
			};
			name = Debug;
		};
		E92B8FA4251F9F96006CA616 /* Release */ = {
			isa = XCBuildConfiguration;
			buildSettings = {
				ALWAYS_EMBED_SWIFT_STANDARD_LIBRARIES = YES;
				BUNDLE_LOADER = "$(TEST_HOST)";
				CODE_SIGN_STYLE = Automatic;
				DEVELOPMENT_TEAM = 3TUS34BN3H;
				INFOPLIST_FILE = QuotesTests/Info.plist;
				IPHONEOS_DEPLOYMENT_TARGET = 14.0;
				LD_RUNPATH_SEARCH_PATHS = (
					"$(inherited)",
					"@executable_path/Frameworks",
					"@loader_path/Frameworks",
				);
				PRODUCT_BUNDLE_IDENTIFIER = fr.ledrogo.QuotesTests;
				PRODUCT_NAME = "$(TARGET_NAME)";
				SWIFT_VERSION = 5.0;
				TARGETED_DEVICE_FAMILY = "1,2";
				TEST_HOST = "$(BUILT_PRODUCTS_DIR)/Quotes.app/Quotes";
			};
			name = Release;
		};
		E92B8FA6251F9F96006CA616 /* Debug */ = {
			isa = XCBuildConfiguration;
			buildSettings = {
				ALWAYS_EMBED_SWIFT_STANDARD_LIBRARIES = YES;
				CODE_SIGN_STYLE = Automatic;
				DEVELOPMENT_TEAM = 3TUS34BN3H;
				INFOPLIST_FILE = QuotesUITests/Info.plist;
				LD_RUNPATH_SEARCH_PATHS = (
					"$(inherited)",
					"@executable_path/Frameworks",
					"@loader_path/Frameworks",
				);
				PRODUCT_BUNDLE_IDENTIFIER = fr.ledrogo.QuotesUITests;
				PRODUCT_NAME = "$(TARGET_NAME)";
				SWIFT_VERSION = 5.0;
				TARGETED_DEVICE_FAMILY = "1,2";
				TEST_TARGET_NAME = Quotes;
			};
			name = Debug;
		};
		E92B8FA7251F9F96006CA616 /* Release */ = {
			isa = XCBuildConfiguration;
			buildSettings = {
				ALWAYS_EMBED_SWIFT_STANDARD_LIBRARIES = YES;
				CODE_SIGN_STYLE = Automatic;
				DEVELOPMENT_TEAM = 3TUS34BN3H;
				INFOPLIST_FILE = QuotesUITests/Info.plist;
				LD_RUNPATH_SEARCH_PATHS = (
					"$(inherited)",
					"@executable_path/Frameworks",
					"@loader_path/Frameworks",
				);
				PRODUCT_BUNDLE_IDENTIFIER = fr.ledrogo.QuotesUITests;
				PRODUCT_NAME = "$(TARGET_NAME)";
				SWIFT_VERSION = 5.0;
				TARGETED_DEVICE_FAMILY = "1,2";
				TEST_TARGET_NAME = Quotes;
			};
			name = Release;
		};
/* End XCBuildConfiguration section */

/* Begin XCConfigurationList section */
		E92B8F70251F9F92006CA616 /* Build configuration list for PBXProject "Quotes" */ = {
			isa = XCConfigurationList;
			buildConfigurations = (
				E92B8F9D251F9F96006CA616 /* Debug */,
				E92B8F9E251F9F96006CA616 /* Release */,
			);
			defaultConfigurationIsVisible = 0;
			defaultConfigurationName = Release;
		};
		E92B8F9F251F9F96006CA616 /* Build configuration list for PBXNativeTarget "Quotes" */ = {
			isa = XCConfigurationList;
			buildConfigurations = (
				E92B8FA0251F9F96006CA616 /* Debug */,
				E92B8FA1251F9F96006CA616 /* Release */,
			);
			defaultConfigurationIsVisible = 0;
			defaultConfigurationName = Release;
		};
		E92B8FA2251F9F96006CA616 /* Build configuration list for PBXNativeTarget "QuotesTests" */ = {
			isa = XCConfigurationList;
			buildConfigurations = (
				E92B8FA3251F9F96006CA616 /* Debug */,
				E92B8FA4251F9F96006CA616 /* Release */,
			);
			defaultConfigurationIsVisible = 0;
			defaultConfigurationName = Release;
		};
		E92B8FA5251F9F96006CA616 /* Build configuration list for PBXNativeTarget "QuotesUITests" */ = {
			isa = XCConfigurationList;
			buildConfigurations = (
				E92B8FA6251F9F96006CA616 /* Debug */,
				E92B8FA7251F9F96006CA616 /* Release */,
			);
			defaultConfigurationIsVisible = 0;
			defaultConfigurationName = Release;
		};
/* End XCConfigurationList section */

/* Begin XCRemoteSwiftPackageReference section */
		E9FA0B5925211C5D00FF6481 /* XCRemoteSwiftPackageReference "RxSwift" */ = {
			isa = XCRemoteSwiftPackageReference;
			repositoryURL = "https://github.com/ReactiveX/RxSwift";
			requirement = {
				kind = upToNextMajorVersion;
				minimumVersion = 5.1.1;
			};
		};
		E9FA0B6125211CB500FF6481 /* XCRemoteSwiftPackageReference "realm-cocoa" */ = {
			isa = XCRemoteSwiftPackageReference;
			repositoryURL = "https://github.com/realm/realm-cocoa";
			requirement = {
				kind = upToNextMajorVersion;
				minimumVersion = 5.4.4;
			};
		};
		E9FA0B6F25211D9E00FF6481 /* XCRemoteSwiftPackageReference "Reusable" */ = {
			isa = XCRemoteSwiftPackageReference;
			repositoryURL = "https://github.com/AliSoftware/Reusable";
			requirement = {
				kind = upToNextMajorVersion;
				minimumVersion = 4.1.1;
			};
		};
/* End XCRemoteSwiftPackageReference section */

/* Begin XCSwiftPackageProductDependency section */
		E9FA0B5A25211C5D00FF6481 /* RxCocoa */ = {
			isa = XCSwiftPackageProductDependency;
			package = E9FA0B5925211C5D00FF6481 /* XCRemoteSwiftPackageReference "RxSwift" */;
			productName = RxCocoa;
		};
		E9FA0B5C25211C5D00FF6481 /* RxSwift */ = {
			isa = XCSwiftPackageProductDependency;
			package = E9FA0B5925211C5D00FF6481 /* XCRemoteSwiftPackageReference "RxSwift" */;
			productName = RxSwift;
		};
		E9FA0B6225211CB500FF6481 /* RealmSwift */ = {
			isa = XCSwiftPackageProductDependency;
			package = E9FA0B6125211CB500FF6481 /* XCRemoteSwiftPackageReference "realm-cocoa" */;
			productName = RealmSwift;
		};
		E9FA0B6425211CB500FF6481 /* Realm */ = {
			isa = XCSwiftPackageProductDependency;
			package = E9FA0B6125211CB500FF6481 /* XCRemoteSwiftPackageReference "realm-cocoa" */;
			productName = Realm;
		};
		E9FA0B7025211D9E00FF6481 /* Reusable */ = {
			isa = XCSwiftPackageProductDependency;
			package = E9FA0B6F25211D9E00FF6481 /* XCRemoteSwiftPackageReference "Reusable" */;
			productName = Reusable;
		};
/* End XCSwiftPackageProductDependency section */
	};
	rootObject = E92B8F6D251F9F92006CA616 /* Project object */;
}
